
Microsoft Visual Studio Solution File, Format Version 12.00
# Visual Studio 2013
VisualStudioVersion = 12.0.21005.1
MinimumVisualStudioVersion = 10.0.40219.1
Project("{F184B08F-C81C-45F6-A57F-5ABD9991F28F}") = "Cost of a singular multiple good combined", "Cost of muliple goods combined\Cost of a singular multiple good combined.vbproj", "{E46A0028-AE46-4DE9-B247-4F37ECD72D70}"
EndProject
Global
	GlobalSection(SolutionConfigurationPlatforms) = preSolution
		Debug|Any CPU = Debug|Any CPU
		Release|Any CPU = Release|Any CPU
	EndGlobalSection
	GlobalSection(ProjectConfigurationPlatforms) = postSolution
		{E46A0028-AE46-4DE9-B247-4F37ECD72D70}.Debug|Any CPU.ActiveCfg = Debug|Any CPU
		{E46A0028-AE46-4DE9-B247-4F37ECD72D70}.Debug|Any CPU.Build.0 = Debug|Any CPU
		{E46A0028-AE46-4DE9-B247-4F37ECD72D70}.Release|Any CPU.ActiveCfg = Release|Any CPU
		{E46A0028-AE46-4DE9-B247-4F37ECD72D70}.Release|Any CPU.Build.0 = Release|Any CPU
	EndGlobalSection
	GlobalSection(SolutionProperties) = preSolution
		HideSolutionNode = FALSE
	EndGlobalSection
EndGlobal
